{
    "_readme": [
        "This file locks the dependencies of your project to a known state",
        "Read more about it at https://getcomposer.org/doc/01-basic-usage.md#installing-dependencies",
        "This file is @generated automatically"
    ],
    "content-hash": "748df9f1daf12fa8575ad5286582b00b",
    "packages": [
        {
            "name": "latte/latte",
            "version": "v2.11.0",
            "source": {
                "type": "git",
                "url": "https://github.com/nette/latte.git",
                "reference": "a815687bfadaf3af51ae99f92edb4ea310c43426"
            },
            "dist": {
                "type": "zip",
                "url": "https://api.github.com/repos/nette/latte/zipball/a815687bfadaf3af51ae99f92edb4ea310c43426",
                "reference": "a815687bfadaf3af51ae99f92edb4ea310c43426",
                "shasum": ""
            },
            "require": {
                "ext-json": "*",
                "ext-tokenizer": "*",
                "php": ">=7.1 <8.2"
            },
            "conflict": {
                "nette/application": "<2.4.1"
            },
            "require-dev": {
                "nette/php-generator": "^3.3.4",
                "nette/tester": "~2.0",
                "nette/utils": "^3.0",
                "phpstan/phpstan": "^0.12",
                "tracy/tracy": "^2.3"
            },
            "suggest": {
                "ext-fileinfo": "to use filter |datastream",
                "ext-iconv": "to use filters |reverse, |substring",
                "ext-mbstring": "to use filters like lower, upper, capitalize, ...",
                "nette/php-generator": "to use tag {templatePrint}",
                "nette/utils": "to use filter |webalize"
            },
            "bin": [
                "bin/latte-lint"
            ],
            "type": "library",
            "extra": {
                "branch-alias": {
                    "dev-master": "2.11-dev"
                }
            },
            "autoload": {
                "classmap": [
                    "src/"
                ]
            },
            "notification-url": "https://packagist.org/downloads/",
            "license": [
                "BSD-3-Clause",
                "GPL-2.0-only",
                "GPL-3.0-only"
            ],
            "authors": [
                {
                    "name": "David Grudl",
                    "homepage": "https://davidgrudl.com"
                },
                {
                    "name": "Nette Community",
                    "homepage": "https://nette.org/contributors"
                }
            ],
            "description": "☕ Latte: the intuitive and fast template engine for those who want the most secure PHP sites. Introduces context-sensitive escaping.",
            "homepage": "https://latte.nette.org",
            "keywords": [
                "context-sensitive",
                "engine",
                "escaping",
                "html",
                "nette",
                "security",
                "template",
                "twig"
            ],
            "support": {
                "issues": "https://github.com/nette/latte/issues",
                "source": "https://github.com/nette/latte/tree/v2.11.0"
            },
            "time": "2022-02-22T18:39:58+00:00"
        },
        {
            "name": "nette/component-model",
            "version": "v3.0.2",
            "source": {
                "type": "git",
                "url": "https://github.com/nette/component-model.git",
                "reference": "20a39df12009029c7e425bc5e0439ee4ab5304af"
            },
            "dist": {
                "type": "zip",
                "url": "https://api.github.com/repos/nette/component-model/zipball/20a39df12009029c7e425bc5e0439ee4ab5304af",
                "reference": "20a39df12009029c7e425bc5e0439ee4ab5304af",
                "shasum": ""
            },
            "require": {
                "nette/utils": "^2.5 || ^3.0",
                "php": ">=7.1"
            },
            "require-dev": {
                "nette/tester": "^2.0",
                "phpstan/phpstan": "^0.12",
                "tracy/tracy": "^2.3"
            },
            "type": "library",
            "extra": {
                "branch-alias": {
                    "dev-master": "3.0-dev"
                }
            },
            "autoload": {
                "classmap": [
                    "src/"
                ]
            },
            "notification-url": "https://packagist.org/downloads/",
            "license": [
                "BSD-3-Clause",
                "GPL-2.0-only",
                "GPL-3.0-only"
            ],
            "authors": [
                {
                    "name": "David Grudl",
                    "homepage": "https://davidgrudl.com"
                },
                {
                    "name": "Nette Community",
                    "homepage": "https://nette.org/contributors"
                }
            ],
            "description": "⚛ Nette Component Model",
            "homepage": "https://nette.org",
            "keywords": [
                "components",
                "nette"
            ],
            "support": {
                "issues": "https://github.com/nette/component-model/issues",
                "source": "https://github.com/nette/component-model/tree/v3.0.2"
            },
            "time": "2021-08-25T14:52:12+00:00"
        },
        {
            "name": "nette/forms",
            "version": "v3.1.6",
            "source": {
                "type": "git",
                "url": "https://github.com/nette/forms.git",
                "reference": "4ed52434b61d7e532cb3bc77b048717703b91b0b"
            },
            "dist": {
                "type": "zip",
                "url": "https://api.github.com/repos/nette/forms/zipball/4ed52434b61d7e532cb3bc77b048717703b91b0b",
                "reference": "4ed52434b61d7e532cb3bc77b048717703b91b0b",
                "shasum": ""
            },
            "require": {
                "nette/component-model": "^3.0",
                "nette/http": "^3.1",
                "nette/utils": "^3.2.1",
                "php": ">=7.2 <8.2"
            },
            "conflict": {
                "latte/latte": ">=3.0",
                "nette/di": "<3.0-stable"
            },
            "require-dev": {
                "latte/latte": "^2.10.2",
                "nette/application": "^3.0",
                "nette/di": "^3.0",
                "nette/tester": "^2.0",
                "phpstan/phpstan-nette": "^0.12",
                "tracy/tracy": "^2.4"
            },
            "type": "library",
            "extra": {
                "branch-alias": {
                    "dev-master": "3.1-dev"
                }
            },
            "autoload": {
                "classmap": [
                    "src/"
                ]
            },
            "notification-url": "https://packagist.org/downloads/",
            "license": [
                "BSD-3-Clause",
                "GPL-2.0-only",
                "GPL-3.0-only"
            ],
            "authors": [
                {
                    "name": "David Grudl",
                    "homepage": "https://davidgrudl.com"
                },
                {
                    "name": "Nette Community",
                    "homepage": "https://nette.org/contributors"
                }
            ],
            "description": "📝 Nette Forms: generating, validating and processing secure forms in PHP. Handy API, fully customizable, server & client side validation and mature design.",
            "homepage": "https://nette.org",
            "keywords": [
                "Forms",
                "bootstrap",
                "csrf",
                "javascript",
                "nette",
                "validation"
            ],
            "support": {
                "issues": "https://github.com/nette/forms/issues",
                "source": "https://github.com/nette/forms/tree/v3.1.6"
            },
            "time": "2021-11-09T11:56:09+00:00"
        },
        {
            "name": "nette/http",
            "version": "v3.1.5",
            "source": {
                "type": "git",
                "url": "https://github.com/nette/http.git",
                "reference": "8146c2f2a262691a7139f9c56007961dcc5c1f42"
            },
            "dist": {
                "type": "zip",
                "url": "https://api.github.com/repos/nette/http/zipball/8146c2f2a262691a7139f9c56007961dcc5c1f42",
                "reference": "8146c2f2a262691a7139f9c56007961dcc5c1f42",
                "shasum": ""
            },
            "require": {
                "nette/utils": "^3.1",
                "php": ">=7.2 <8.2"
            },
            "conflict": {
                "nette/di": "<3.0.3",
                "nette/schema": "<1.2"
            },
            "require-dev": {
                "nette/di": "^3.0",
                "nette/security": "^3.0",
                "nette/tester": "^2.0",
                "phpstan/phpstan": "^0.12",
                "tracy/tracy": "^2.4"
            },
            "suggest": {
                "ext-fileinfo": "to detect type of uploaded files"
            },
            "type": "library",
            "extra": {
                "branch-alias": {
                    "dev-master": "3.1-dev"
                }
            },
            "autoload": {
                "classmap": [
                    "src/"
                ]
            },
            "notification-url": "https://packagist.org/downloads/",
            "license": [
                "BSD-3-Clause",
                "GPL-2.0-only",
                "GPL-3.0-only"
            ],
            "authors": [
                {
                    "name": "David Grudl",
                    "homepage": "https://davidgrudl.com"
                },
                {
                    "name": "Nette Community",
                    "homepage": "https://nette.org/contributors"
                }
            ],
            "description": "🌐 Nette Http: abstraction for HTTP request, response and session. Provides careful data sanitization and utility for URL and cookies manipulation.",
            "homepage": "https://nette.org",
            "keywords": [
                "cookies",
                "http",
                "nette",
                "proxy",
                "request",
                "response",
                "security",
                "session",
                "url"
            ],
            "support": {
                "issues": "https://github.com/nette/http/issues",
                "source": "https://github.com/nette/http/tree/v3.1.5"
            },
            "time": "2021-11-29T18:56:42+00:00"
        },
        {
            "name": "nette/php-generator",
            "version": "v3.6.7",
            "source": {
                "type": "git",
                "url": "https://github.com/nette/php-generator.git",
                "reference": "b9ba414c9895fd9420887f20eeb4eabde123677f"
            },
            "dist": {
                "type": "zip",
                "url": "https://api.github.com/repos/nette/php-generator/zipball/b9ba414c9895fd9420887f20eeb4eabde123677f",
                "reference": "b9ba414c9895fd9420887f20eeb4eabde123677f",
                "shasum": ""
            },
            "require": {
                "nette/utils": "^3.1.2",
                "php": ">=7.2 <8.2"
            },
            "require-dev": {
                "nette/tester": "^2.4",
                "nikic/php-parser": "^4.13",
                "phpstan/phpstan": "^0.12",
                "tracy/tracy": "^2.8"
            },
            "suggest": {
                "nikic/php-parser": "to use ClassType::withBodiesFrom() & GlobalFunction::withBodyFrom()"
            },
            "type": "library",
            "extra": {
                "branch-alias": {
                    "dev-master": "3.6-dev"
                }
            },
            "autoload": {
                "classmap": [
                    "src/"
                ]
            },
            "notification-url": "https://packagist.org/downloads/",
            "license": [
                "BSD-3-Clause",
                "GPL-2.0-only",
                "GPL-3.0-only"
            ],
            "authors": [
                {
                    "name": "David Grudl",
                    "homepage": "https://davidgrudl.com"
                },
                {
                    "name": "Nette Community",
                    "homepage": "https://nette.org/contributors"
                }
            ],
            "description": "🐘 Nette PHP Generator: generates neat PHP code for you. Supports new PHP 8.1 features.",
            "homepage": "https://nette.org",
            "keywords": [
                "code",
                "nette",
                "php",
                "scaffolding"
            ],
            "support": {
                "issues": "https://github.com/nette/php-generator/issues",
                "source": "https://github.com/nette/php-generator/tree/v3.6.7"
            },
            "time": "2022-03-10T01:51:00+00:00"
        },
        {
            "name": "nette/utils",
            "version": "v3.2.7",
            "source": {
                "type": "git",
                "url": "https://github.com/nette/utils.git",
                "reference": "0af4e3de4df9f1543534beab255ccf459e7a2c99"
            },
            "dist": {
                "type": "zip",
                "url": "https://api.github.com/repos/nette/utils/zipball/0af4e3de4df9f1543534beab255ccf459e7a2c99",
                "reference": "0af4e3de4df9f1543534beab255ccf459e7a2c99",
                "shasum": ""
            },
            "require": {
                "php": ">=7.2 <8.2"
            },
            "conflict": {
                "nette/di": "<3.0.6"
            },
            "require-dev": {
                "nette/tester": "~2.0",
                "phpstan/phpstan": "^1.0",
                "tracy/tracy": "^2.3"
            },
            "suggest": {
                "ext-gd": "to use Image",
                "ext-iconv": "to use Strings::webalize(), toAscii(), chr() and reverse()",
                "ext-intl": "to use Strings::webalize(), toAscii(), normalize() and compare()",
                "ext-json": "to use Nette\\Utils\\Json",
                "ext-mbstring": "to use Strings::lower() etc...",
                "ext-tokenizer": "to use Nette\\Utils\\Reflection::getUseStatements()",
                "ext-xml": "to use Strings::length() etc. when mbstring is not available"
            },
            "type": "library",
            "extra": {
                "branch-alias": {
                    "dev-master": "3.2-dev"
                }
            },
            "autoload": {
                "classmap": [
                    "src/"
                ]
            },
            "notification-url": "https://packagist.org/downloads/",
            "license": [
                "BSD-3-Clause",
                "GPL-2.0-only",
                "GPL-3.0-only"
            ],
            "authors": [
                {
                    "name": "David Grudl",
                    "homepage": "https://davidgrudl.com"
                },
                {
                    "name": "Nette Community",
                    "homepage": "https://nette.org/contributors"
                }
            ],
            "description": "🛠  Nette Utils: lightweight utilities for string & array manipulation, image handling, safe JSON encoding/decoding, validation, slug or strong password generating etc.",
            "homepage": "https://nette.org",
            "keywords": [
                "array",
                "core",
                "datetime",
                "images",
                "json",
                "nette",
                "paginator",
                "password",
                "slugify",
                "string",
                "unicode",
                "utf-8",
                "utility",
                "validation"
            ],
            "support": {
                "issues": "https://github.com/nette/utils/issues",
                "source": "https://github.com/nette/utils/tree/v3.2.7"
            },
            "time": "2022-01-24T11:29:14+00:00"
        },
        {
            "name": "tmarois/filebase",
            "version": "v1.0.24",
            "source": {
                "type": "git",
                "url": "https://github.com/tmarois/Filebase.git",
                "reference": "b660650472362e45f78d97cb395f09889196d164"
            },
            "dist": {
                "type": "zip",
                "url": "https://api.github.com/repos/tmarois/Filebase/zipball/b660650472362e45f78d97cb395f09889196d164",
                "reference": "b660650472362e45f78d97cb395f09889196d164",
                "shasum": ""
            },
            "require": {
                "php": ">=5.6"
            },
            "require-dev": {
                "php-coveralls/php-coveralls": "^2.0",
                "phpunit/phpunit": "5.*",
                "symfony/yaml": "^3.4"
            },
            "suggest": {
                "symfony/yaml": "Allows Yaml format"
            },
            "type": "package",
            "autoload": {
                "psr-4": {
                    "Filebase\\": "src/"
                }
            },
            "notification-url": "https://packagist.org/downloads/",
            "authors": [
                {
                    "name": "Timothy Marois",
                    "email": "timothymarois@gmail.com"
                }
            ],
            "description": "A Simple but Powerful Flat File Database Storage.",
            "homepage": "https://github.com/filebase/Filebase",
            "keywords": [
                "database",
                "document",
                "file",
                "file-files",
                "filebase",
                "flat",
                "flat-file",
                "key-value",
                "serverless"
            ],
            "support": {
                "issues": "https://github.com/tmarois/Filebase/issues",
                "source": "https://github.com/tmarois/Filebase/tree/v1.0.24"
            },
            "time": "2019-02-24T22:55:23+00:00"
        }
    ],
    "packages-dev": [],
    "aliases": [],
    "minimum-stability": "stable",
    "stability-flags": [],
    "prefer-stable": false,
    "prefer-lowest": false,
    "platform": [],
    "platform-dev": [],
    "platform-overrides": {
        "php": "7.4.28"
    },
    "plugin-api-version": "2.2.0"
}
